
Microsoft Visual Studio Solution File, Format Version 12.00
# Visual Studio Version 17
VisualStudioVersion = 17.9.34723.18
MinimumVisualStudioVersion = 10.0.40219.1
Project("{FAE04EC0-301F-11D3-BF4B-00C04F79EFBC}") = "PizzaApplicationAPI", "PizzaApplicationAPI\PizzaApplicationAPI.csproj", "{A34D348D-AD77-401E-BCE1-8C3CE46C14DB}"
EndProject
Global
	GlobalSection(SolutionConfigurationPlatforms) = preSolution
		Debug|Any CPU = Debug|Any CPU
		Release|Any CPU = Release|Any CPU
	EndGlobalSection
	GlobalSection(ProjectConfigurationPlatforms) = postSolution
		{A34D348D-AD77-401E-BCE1-8C3CE46C14DB}.Debug|Any CPU.ActiveCfg = Debug|Any CPU
		{A34D348D-AD77-401E-BCE1-8C3CE46C14DB}.Debug|Any CPU.Build.0 = Debug|Any CPU
		{A34D348D-AD77-401E-BCE1-8C3CE46C14DB}.Release|Any CPU.ActiveCfg = Release|Any CPU
		{A34D348D-AD77-401E-BCE1-8C3CE46C14DB}.Release|Any CPU.Build.0 = Release|Any CPU
	EndGlobalSection
	GlobalSection(SolutionProperties) = preSolution
		HideSolutionNode = FALSE
	EndGlobalSection
	GlobalSection(ExtensibilityGlobals) = postSolution
		SolutionGuid = {0D254EC6-AE99-4974-B594-B204CCCF4793}
	EndGlobalSection
EndGlobal
