
Microsoft Visual Studio Solution File, Format Version 12.00
# Visual Studio Version 17
VisualStudioVersion = 17.9.34723.18
MinimumVisualStudioVersion = 10.0.40219.1
Project("{FAE04EC0-301F-11D3-BF4B-00C04F79EFBC}") = "UnderstandingLINQApp", "UnderstandingLINQApp\UnderstandingLINQApp.csproj", "{53D5F6E8-250E-4E96-80BA-85C118EA9445}"
EndProject
Global
	GlobalSection(SolutionConfigurationPlatforms) = preSolution
		Debug|Any CPU = Debug|Any CPU
		Release|Any CPU = Release|Any CPU
	EndGlobalSection
	GlobalSection(ProjectConfigurationPlatforms) = postSolution
		{53D5F6E8-250E-4E96-80BA-85C118EA9445}.Debug|Any CPU.ActiveCfg = Debug|Any CPU
		{53D5F6E8-250E-4E96-80BA-85C118EA9445}.Debug|Any CPU.Build.0 = Debug|Any CPU
		{53D5F6E8-250E-4E96-80BA-85C118EA9445}.Release|Any CPU.ActiveCfg = Release|Any CPU
		{53D5F6E8-250E-4E96-80BA-85C118EA9445}.Release|Any CPU.Build.0 = Release|Any CPU
	EndGlobalSection
	GlobalSection(SolutionProperties) = preSolution
		HideSolutionNode = FALSE
	EndGlobalSection
	GlobalSection(ExtensibilityGlobals) = postSolution
		SolutionGuid = {4C318290-4A8F-4EF4-838A-0BC771863FC0}
	EndGlobalSection
EndGlobal
