
Microsoft Visual Studio Solution File, Format Version 12.00
# Visual Studio Version 17
VisualStudioVersion = 17.9.34723.18
MinimumVisualStudioVersion = 10.0.40219.1
Project("{FAE04EC0-301F-11D3-BF4B-00C04F79EFBC}") = "UnderstandingBasicsApp", "UnderstandingBasicsApp\UnderstandingBasicsApp.csproj", "{1D3C0AF8-FE5B-4547-A8DA-2FF755E4525C}"
EndProject
Project("{FAE04EC0-301F-11D3-BF4B-00C04F79EFBC}") = "DoctorApplication", "DoctorApplication\DoctorApplication.csproj", "{927D563B-0E91-4BAB-83D6-CF2D6F42AEB4}"
EndProject
Project("{FAE04EC0-301F-11D3-BF4B-00C04F79EFBC}") = "ValidityCheck", "ValidityCheck\ValidityCheck.csproj", "{2160ACBB-6AC8-4ADB-B999-C49D081EC7F1}"
EndProject
Global
	GlobalSection(SolutionConfigurationPlatforms) = preSolution
		Debug|Any CPU = Debug|Any CPU
		Release|Any CPU = Release|Any CPU
	EndGlobalSection
	GlobalSection(ProjectConfigurationPlatforms) = postSolution
		{1D3C0AF8-FE5B-4547-A8DA-2FF755E4525C}.Debug|Any CPU.ActiveCfg = Debug|Any CPU
		{1D3C0AF8-FE5B-4547-A8DA-2FF755E4525C}.Debug|Any CPU.Build.0 = Debug|Any CPU
		{1D3C0AF8-FE5B-4547-A8DA-2FF755E4525C}.Release|Any CPU.ActiveCfg = Release|Any CPU
		{1D3C0AF8-FE5B-4547-A8DA-2FF755E4525C}.Release|Any CPU.Build.0 = Release|Any CPU
		{927D563B-0E91-4BAB-83D6-CF2D6F42AEB4}.Debug|Any CPU.ActiveCfg = Debug|Any CPU
		{927D563B-0E91-4BAB-83D6-CF2D6F42AEB4}.Debug|Any CPU.Build.0 = Debug|Any CPU
		{927D563B-0E91-4BAB-83D6-CF2D6F42AEB4}.Release|Any CPU.ActiveCfg = Release|Any CPU
		{927D563B-0E91-4BAB-83D6-CF2D6F42AEB4}.Release|Any CPU.Build.0 = Release|Any CPU
		{2160ACBB-6AC8-4ADB-B999-C49D081EC7F1}.Debug|Any CPU.ActiveCfg = Debug|Any CPU
		{2160ACBB-6AC8-4ADB-B999-C49D081EC7F1}.Debug|Any CPU.Build.0 = Debug|Any CPU
		{2160ACBB-6AC8-4ADB-B999-C49D081EC7F1}.Release|Any CPU.ActiveCfg = Release|Any CPU
		{2160ACBB-6AC8-4ADB-B999-C49D081EC7F1}.Release|Any CPU.Build.0 = Release|Any CPU
	EndGlobalSection
	GlobalSection(SolutionProperties) = preSolution
		HideSolutionNode = FALSE
	EndGlobalSection
	GlobalSection(ExtensibilityGlobals) = postSolution
		SolutionGuid = {504859D3-16FC-41B9-8D61-2E49A45217C0}
	EndGlobalSection
EndGlobal
