
Microsoft Visual Studio Solution File, Format Version 12.00
# Visual Studio Version 17
VisualStudioVersion = 17.9.34723.18
MinimumVisualStudioVersion = 10.0.40219.1
Project("{FAE04EC0-301F-11D3-BF4B-00C04F79EFBC}") = "EFCoreCodeFirstApp", "EFCoreCodeFirstApp\EFCoreCodeFirstApp.csproj", "{C319EF20-7CB0-4DB5-80FB-313A3F229036}"
EndProject
Global
	GlobalSection(SolutionConfigurationPlatforms) = preSolution
		Debug|Any CPU = Debug|Any CPU
		Release|Any CPU = Release|Any CPU
	EndGlobalSection
	GlobalSection(ProjectConfigurationPlatforms) = postSolution
		{C319EF20-7CB0-4DB5-80FB-313A3F229036}.Debug|Any CPU.ActiveCfg = Debug|Any CPU
		{C319EF20-7CB0-4DB5-80FB-313A3F229036}.Debug|Any CPU.Build.0 = Debug|Any CPU
		{C319EF20-7CB0-4DB5-80FB-313A3F229036}.Release|Any CPU.ActiveCfg = Release|Any CPU
		{C319EF20-7CB0-4DB5-80FB-313A3F229036}.Release|Any CPU.Build.0 = Release|Any CPU
	EndGlobalSection
	GlobalSection(SolutionProperties) = preSolution
		HideSolutionNode = FALSE
	EndGlobalSection
	GlobalSection(ExtensibilityGlobals) = postSolution
		SolutionGuid = {14A4A42D-2E96-45E6-AB46-9ECE2EFB4E0D}
	EndGlobalSection
EndGlobal
